// !$*UTF8*$!
{
	archiveVersion = 1;
	classes = {
	};
	objectVersion = 77;
	objects = {

/* Begin PBXBuildFile section */
		0A21D7F12E518858004E8806 /* LiquidGlasKit in Frameworks */ = {isa = PBXBuildFile; productRef = 0A21D7F02E518858004E8806 /* LiquidGlasKit */; };
		0A5454AB2E1148A8002C2152 /* Foundation Lab.icon in Resources */ = {isa = PBXBuildFile; fileRef = 0A5454A72E1148A8002C2152 /* Foundation Lab.icon */; };
		0A979E842E1E5921008CFA37 /* FoundationModelsTools in Frameworks */ = {isa = PBXBuildFile; productRef = 0A979E832E1E5921008CFA37 /* FoundationModelsTools */; };
		FA43F9412E13A16E00F24BCC /* HighlightSwift in Frameworks */ = {isa = PBXBuildFile; productRef = FA43F9402E13A16E00F24BCC /* HighlightSwift */; };
/* End PBXBuildFile section */

/* Begin PBXFileReference section */
		0A5454A72E1148A8002C2152 /* Foundation Lab.icon */ = {isa = PBXFileReference; lastKnownFileType = folder.iconcomposer.icon; path = "Foundation Lab.icon"; sourceTree = "<group>"; };
		0A9766662E1E562A008CFA37 /* Collections.xcodeproj */ = {isa = PBXFileReference; lastKnownFileType = "wrapper.pb-project"; path = Collections.xcodeproj; sourceTree = "<group>"; };
		0AAE4FFF2DF76E6600838F13 /* Foundation Lab.app */ = {isa = PBXFileReference; explicitFileType = wrapper.application; includeInIndex = 0; path = "Foundation Lab.app"; sourceTree = BUILT_PRODUCTS_DIR; };
		6C9AECE22E728F6D00F4C37F /* SampleCode.xcconfig */ = {isa = PBXFileReference; lastKnownFileType = text.xcconfig; path = SampleCode.xcconfig; sourceTree = "<group>"; };
/* End PBXFileReference section */

/* Begin PBXFileSystemSynchronizedBuildFileExceptionSet section */
		0A5454A82E1148A8002C2152 /* Exceptions for "Foundation Lab" folder in "Foundation Lab" target */ = {
			isa = PBXFileSystemSynchronizedBuildFileExceptionSet;
			membershipExceptions = (
				Playgrounds/README.md,
				Views/Examples/DynamicSchemas/README.md,
			);
			target = 0AAE4FFE2DF76E6600838F13 /* Foundation Lab */;
		};
/* End PBXFileSystemSynchronizedBuildFileExceptionSet section */

/* Begin PBXFileSystemSynchronizedRootGroup section */
		0ADB46AD2E0CE6C100C29293 /* Foundation Lab */ = {
			isa = PBXFileSystemSynchronizedRootGroup;
			exceptions = (
				0A5454A82E1148A8002C2152 /* Exceptions for "Foundation Lab" folder in "Foundation Lab" target */,
			);
			path = "Foundation Lab";
			sourceTree = "<group>";
		};
/* End PBXFileSystemSynchronizedRootGroup section */

/* Begin PBXFrameworksBuildPhase section */
		0AAE4FFC2DF76E6600838F13 /* Frameworks */ = {
			isa = PBXFrameworksBuildPhase;
			buildActionMask = 2147483647;
			files = (
				FA43F9412E13A16E00F24BCC /* HighlightSwift in Frameworks */,
				0A979E842E1E5921008CFA37 /* FoundationModelsTools in Frameworks */,
				0A21D7F12E518858004E8806 /* LiquidGlasKit in Frameworks */,
			);
			runOnlyForDeploymentPostprocessing = 0;
		};
/* End PBXFrameworksBuildPhase section */

/* Begin PBXGroup section */
		0A9766772E1E562A008CFA37 /* Products */ = {
			isa = PBXGroup;
			children = (
			);
			name = Products;
			sourceTree = "<group>";
		};
		0AAE4FF62DF76E6600838F13 = {
			isa = PBXGroup;
			children = (
				6C9AECE22E728F6D00F4C37F /* SampleCode.xcconfig */,
				0ADB46AD2E0CE6C100C29293 /* Foundation Lab */,
				0AAE50002DF76E6600838F13 /* Products */,
				0A5454A72E1148A8002C2152 /* Foundation Lab.icon */,
				0AFDF8422EA8C3F80071BEA5 /* Frameworks */,
			);
			sourceTree = "<group>";
		};
		0AAE50002DF76E6600838F13 /* Products */ = {
			isa = PBXGroup;
			children = (
				0AAE4FFF2DF76E6600838F13 /* Foundation Lab.app */,
			);
			name = Products;
			sourceTree = "<group>";
		};
		0AFDF8422EA8C3F80071BEA5 /* Frameworks */ = {
			isa = PBXGroup;
			children = (
			);
			name = Frameworks;
			sourceTree = "<group>";
		};
/* End PBXGroup section */

/* Begin PBXNativeTarget section */
		0AAE4FFE2DF76E6600838F13 /* Foundation Lab */ = {
			isa = PBXNativeTarget;
			buildConfigurationList = 0AAE500A2DF76E6800838F13 /* Build configuration list for PBXNativeTarget "Foundation Lab" */;
			buildPhases = (
				0AAE4FFB2DF76E6600838F13 /* Sources */,
				0AAE4FFC2DF76E6600838F13 /* Frameworks */,
				0AAE4FFD2DF76E6600838F13 /* Resources */,
			);
			buildRules = (
			);
			dependencies = (
			);
			fileSystemSynchronizedGroups = (
				0ADB46AD2E0CE6C100C29293 /* Foundation Lab */,
			);
			name = "Foundation Lab";
			packageProductDependencies = (
				FA43F9402E13A16E00F24BCC /* HighlightSwift */,
				0A979E832E1E5921008CFA37 /* FoundationModelsTools */,
				0A21D7F02E518858004E8806 /* LiquidGlasKit */,
			);
			productName = FoundationLab;
			productReference = 0AAE4FFF2DF76E6600838F13 /* Foundation Lab.app */;
			productType = "com.apple.product-type.application";
		};
/* End PBXNativeTarget section */

/* Begin PBXProject section */
		0AAE4FF72DF76E6600838F13 /* Project object */ = {
			isa = PBXProject;
			attributes = {
				BuildIndependentTargetsInParallel = 1;
				LastSwiftUpdateCheck = 2610;
				LastUpgradeCheck = 2610;
				TargetAttributes = {
					0AAE4FFE2DF76E6600838F13 = {
						CreatedOnToolsVersion = 26.0;
					};
				};
			};
			buildConfigurationList = 0AAE4FFA2DF76E6600838F13 /* Build configuration list for PBXProject "FoundationLab" */;
			developmentRegion = en;
			hasScannedForEncodings = 0;
			knownRegions = (
				en,
				Base,
			);
			mainGroup = 0AAE4FF62DF76E6600838F13;
			minimizedProjectReferenceProxies = 1;
			packageReferences = (
				0AC6037E2E1D5288002106F9 /* XCRemoteSwiftPackageReference "HighlightSwift" */,
				0A979E822E1E5921008CFA37 /* XCRemoteSwiftPackageReference "FoundationModelsTools" */,
				0A21D7EF2E518858004E8806 /* XCRemoteSwiftPackageReference "LiquidGlasKit" */,
			);
			preferredProjectObjectVersion = 77;
			productRefGroup = 0AAE50002DF76E6600838F13 /* Products */;
			projectDirPath = "";
			projectReferences = (
				{
					ProductGroup = 0A9766772E1E562A008CFA37 /* Products */;
					ProjectRef = 0A9766662E1E562A008CFA37 /* Collections.xcodeproj */;
				},
			);
			projectRoot = "";
			targets = (
				0AAE4FFE2DF76E6600838F13 /* Foundation Lab */,
			);
		};
/* End PBXProject section */

/* Begin PBXResourcesBuildPhase section */
		0AAE4FFD2DF76E6600838F13 /* Resources */ = {
			isa = PBXResourcesBuildPhase;
			buildActionMask = 2147483647;
			files = (
				0A5454AB2E1148A8002C2152 /* Foundation Lab.icon in Resources */,
			);
			runOnlyForDeploymentPostprocessing = 0;
		};
/* End PBXResourcesBuildPhase section */

/* Begin PBXSourcesBuildPhase section */
		0AAE4FFB2DF76E6600838F13 /* Sources */ = {
			isa = PBXSourcesBuildPhase;
			buildActionMask = 2147483647;
			files = (
			);
			runOnlyForDeploymentPostprocessing = 0;
		};
/* End PBXSourcesBuildPhase section */

/* Begin XCBuildConfiguration section */
		0AAE50082DF76E6800838F13 /* Debug */ = {
			isa = XCBuildConfiguration;
			baseConfigurationReference = 6C9AECE22E728F6D00F4C37F /* SampleCode.xcconfig */;
			buildSettings = {
				ALWAYS_SEARCH_USER_PATHS = NO;
				ASSETCATALOG_COMPILER_GENERATE_SWIFT_ASSET_SYMBOL_EXTENSIONS = YES;
				CLANG_ANALYZER_NONNULL = YES;
				CLANG_ANALYZER_NUMBER_OBJECT_CONVERSION = YES_AGGRESSIVE;
				CLANG_CXX_LANGUAGE_STANDARD = "gnu++20";
				CLANG_ENABLE_MODULES = YES;
				CLANG_ENABLE_OBJC_ARC = YES;
				CLANG_ENABLE_OBJC_WEAK = YES;
				CLANG_WARN_BLOCK_CAPTURE_AUTORELEASING = YES;
				CLANG_WARN_BOOL_CONVERSION = YES;
				CLANG_WARN_COMMA = YES;
				CLANG_WARN_CONSTANT_CONVERSION = YES;
				CLANG_WARN_DEPRECATED_OBJC_IMPLEMENTATIONS = YES;
				CLANG_WARN_DIRECT_OBJC_ISA_USAGE = YES_ERROR;
				CLANG_WARN_DOCUMENTATION_COMMENTS = YES;
				CLANG_WARN_EMPTY_BODY = YES;
				CLANG_WARN_ENUM_CONVERSION = YES;
				CLANG_WARN_INFINITE_RECURSION = YES;
				CLANG_WARN_INT_CONVERSION = YES;
				CLANG_WARN_NON_LITERAL_NULL_CONVERSION = YES;
				CLANG_WARN_OBJC_IMPLICIT_RETAIN_SELF = YES;
				CLANG_WARN_OBJC_LITERAL_CONVERSION = YES;
				CLANG_WARN_OBJC_ROOT_CLASS = YES_ERROR;
				CLANG_WARN_QUOTED_INCLUDE_IN_FRAMEWORK_HEADER = YES;
				CLANG_WARN_RANGE_LOOP_ANALYSIS = YES;
				CLANG_WARN_STRICT_PROTOTYPES = YES;
				CLANG_WARN_SUSPICIOUS_MOVE = YES;
				CLANG_WARN_UNGUARDED_AVAILABILITY = YES_AGGRESSIVE;
				CLANG_WARN_UNREACHABLE_CODE = YES;
				CLANG_WARN__DUPLICATE_METHOD_MATCH = YES;
				COPY_PHASE_STRIP = NO;
				DEAD_CODE_STRIPPING = YES;
				DEBUG_INFORMATION_FORMAT = dwarf;
				DEVELOPMENT_TEAM = YQZQG7N4WG;
				ENABLE_STRICT_OBJC_MSGSEND = YES;
				ENABLE_TESTABILITY = YES;
				ENABLE_USER_SCRIPT_SANDBOXING = YES;
				GCC_C_LANGUAGE_STANDARD = gnu17;
				GCC_DYNAMIC_NO_PIC = NO;
				GCC_NO_COMMON_BLOCKS = YES;
				GCC_OPTIMIZATION_LEVEL = 0;
				GCC_PREPROCESSOR_DEFINITIONS = (
					"DEBUG=1",
					"$(inherited)",
				);
				GCC_WARN_64_TO_32_BIT_CONVERSION = YES;
				GCC_WARN_ABOUT_RETURN_TYPE = YES_ERROR;
				GCC_WARN_UNDECLARED_SELECTOR = YES;
				GCC_WARN_UNINITIALIZED_AUTOS = YES_AGGRESSIVE;
				GCC_WARN_UNUSED_FUNCTION = YES;
				GCC_WARN_UNUSED_VARIABLE = YES;
				LOCALIZATION_PREFERS_STRING_CATALOGS = YES;
				MTL_ENABLE_DEBUG_INFO = INCLUDE_SOURCE;
				MTL_FAST_MATH = YES;
				ONLY_ACTIVE_ARCH = YES;
				STRING_CATALOG_GENERATE_SYMBOLS = YES;
				SWIFT_ACTIVE_COMPILATION_CONDITIONS = "DEBUG $(inherited)";
				SWIFT_EMIT_LOC_STRINGS = YES;
				SWIFT_OPTIMIZATION_LEVEL = "-Onone";
			};
			name = Debug;
		};
		0AAE50092DF76E6800838F13 /* Release */ = {
			isa = XCBuildConfiguration;
			buildSettings = {
				ALWAYS_SEARCH_USER_PATHS = NO;
				ASSETCATALOG_COMPILER_GENERATE_SWIFT_ASSET_SYMBOL_EXTENSIONS = YES;
				CLANG_ANALYZER_NONNULL = YES;
				CLANG_ANALYZER_NUMBER_OBJECT_CONVERSION = YES_AGGRESSIVE;
				CLANG_CXX_LANGUAGE_STANDARD = "gnu++20";
				CLANG_ENABLE_MODULES = YES;
				CLANG_ENABLE_OBJC_ARC = YES;
				CLANG_ENABLE_OBJC_WEAK = YES;
				CLANG_WARN_BLOCK_CAPTURE_AUTORELEASING = YES;
				CLANG_WARN_BOOL_CONVERSION = YES;
				CLANG_WARN_COMMA = YES;
				CLANG_WARN_CONSTANT_CONVERSION = YES;
				CLANG_WARN_DEPRECATED_OBJC_IMPLEMENTATIONS = YES;
				CLANG_WARN_DIRECT_OBJC_ISA_USAGE = YES_ERROR;
				CLANG_WARN_DOCUMENTATION_COMMENTS = YES;
				CLANG_WARN_EMPTY_BODY = YES;
				CLANG_WARN_ENUM_CONVERSION = YES;
				CLANG_WARN_INFINITE_RECURSION = YES;
				CLANG_WARN_INT_CONVERSION = YES;
				CLANG_WARN_NON_LITERAL_NULL_CONVERSION = YES;
				CLANG_WARN_OBJC_IMPLICIT_RETAIN_SELF = YES;
				CLANG_WARN_OBJC_LITERAL_CONVERSION = YES;
				CLANG_WARN_OBJC_ROOT_CLASS = YES_ERROR;
				CLANG_WARN_QUOTED_INCLUDE_IN_FRAMEWORK_HEADER = YES;
				CLANG_WARN_RANGE_LOOP_ANALYSIS = YES;
				CLANG_WARN_STRICT_PROTOTYPES = YES;
				CLANG_WARN_SUSPICIOUS_MOVE = YES;
				CLANG_WARN_UNGUARDED_AVAILABILITY = YES_AGGRESSIVE;
				CLANG_WARN_UNREACHABLE_CODE = YES;
				CLANG_WARN__DUPLICATE_METHOD_MATCH = YES;
				COPY_PHASE_STRIP = NO;
				DEAD_CODE_STRIPPING = YES;
				DEBUG_INFORMATION_FORMAT = "dwarf-with-dsym";
				DEVELOPMENT_TEAM = YQZQG7N4WG;
				ENABLE_NS_ASSERTIONS = NO;
				ENABLE_STRICT_OBJC_MSGSEND = YES;
				ENABLE_USER_SCRIPT_SANDBOXING = YES;
				GCC_C_LANGUAGE_STANDARD = gnu17;
				GCC_NO_COMMON_BLOCKS = YES;
				GCC_WARN_64_TO_32_BIT_CONVERSION = YES;
				GCC_WARN_ABOUT_RETURN_TYPE = YES_ERROR;
				GCC_WARN_UNDECLARED_SELECTOR = YES;
				GCC_WARN_UNINITIALIZED_AUTOS = YES_AGGRESSIVE;
				GCC_WARN_UNUSED_FUNCTION = YES;
				GCC_WARN_UNUSED_VARIABLE = YES;
				LOCALIZATION_PREFERS_STRING_CATALOGS = YES;
				MTL_ENABLE_DEBUG_INFO = NO;
				MTL_FAST_MATH = YES;
				STRING_CATALOG_GENERATE_SYMBOLS = YES;
				SWIFT_COMPILATION_MODE = wholemodule;
				SWIFT_EMIT_LOC_STRINGS = YES;
			};
			name = Release;
		};
		0AAE500B2DF76E6800838F13 /* Debug */ = {
			isa = XCBuildConfiguration;
			buildSettings = {
				ASSETCATALOG_COMPILER_APPICON_NAME = "Foundation Lab";
				ASSETCATALOG_COMPILER_GLOBAL_ACCENT_COLOR_NAME = AccentColor;
				ASSETCATALOG_COMPILER_INCLUDE_ALL_APPICON_ASSETS = NO;
				AUTOMATION_APPLE_EVENTS = NO;
				CODE_SIGN_ENTITLEMENTS = "Foundation Lab/FoundationLab.entitlements";
				CODE_SIGN_STYLE = Automatic;
				CURRENT_PROJECT_VERSION = 1;
				DEAD_CODE_STRIPPING = YES;
				DEVELOPMENT_TEAM = YQZQG7N4WG;
				ENABLE_APP_SANDBOX = YES;
				ENABLE_HARDENED_RUNTIME = NO;
				ENABLE_INCOMING_NETWORK_CONNECTIONS = YES;
				ENABLE_OUTGOING_NETWORK_CONNECTIONS = YES;
				ENABLE_PREVIEWS = YES;
				ENABLE_RESOURCE_ACCESS_APPLE_MUSIC = YES;
				ENABLE_RESOURCE_ACCESS_AUDIO_INPUT = YES;
				ENABLE_RESOURCE_ACCESS_BLUETOOTH = NO;
				ENABLE_RESOURCE_ACCESS_CALENDARS = YES;
				ENABLE_RESOURCE_ACCESS_CAMERA = NO;
				ENABLE_RESOURCE_ACCESS_CONTACTS = YES;
				ENABLE_RESOURCE_ACCESS_LOCATION = YES;
				ENABLE_RESOURCE_ACCESS_PHOTO_LIBRARY = NO;
				ENABLE_RESOURCE_ACCESS_PRINTING = NO;
				ENABLE_RESOURCE_ACCESS_USB = NO;
				GENERATE_INFOPLIST_FILE = YES;
				INFOPLIST_KEY_CFBundleDisplayName = "Foundation Lab";
				INFOPLIST_KEY_ITSAppUsesNonExemptEncryption = NO;
				INFOPLIST_KEY_LSApplicationCategoryType = "public.app-category.developer-tools";
				INFOPLIST_KEY_NSAppleMusicUsageDescription = "This app needs access to Apple Music to search and play music from your library.";
				INFOPLIST_KEY_NSCalendarsUsageDescription = "This app needs access to your calendar to create and manage events.";
				INFOPLIST_KEY_NSContactsUsageDescription = "This app needs access to your contacts to search and display contact information.";
				INFOPLIST_KEY_NSHealthShareUsageDescription = "This app needs access to your health data to read steps, heart rate, workouts, and other health metrics.";
				INFOPLIST_KEY_NSHealthUpdateUsageDescription = "This app does not write health data.";
				INFOPLIST_KEY_NSLocationUsageDescription = "This app needs access to your location to provide weather information and location-based services.";
				INFOPLIST_KEY_NSLocationWhenInUseUsageDescription = "This app needs access to your location to provide weather information and location-based services.";
				INFOPLIST_KEY_NSMicrophoneUsageDescription = "Foundation Lab needs access to your microphone to listen to your voice commands for creating reminders.";
				INFOPLIST_KEY_NSRemindersFullAccessUsageDescription = "Foundation Lab needs full access to create and manage reminders from your voice commands.";
				INFOPLIST_KEY_NSRemindersUsageDescription = "This app needs access to your reminders to create and manage reminder tasks.";
				INFOPLIST_KEY_NSSpeechRecognitionUsageDescription = "Foundation Lab uses speech recognition to convert your voice into text for creating reminders.";
				"INFOPLIST_KEY_UIApplicationSceneManifest_Generation[sdk=iphoneos*]" = YES;
				"INFOPLIST_KEY_UIApplicationSceneManifest_Generation[sdk=iphonesimulator*]" = YES;
				"INFOPLIST_KEY_UIApplicationSupportsIndirectInputEvents[sdk=iphoneos*]" = YES;
				"INFOPLIST_KEY_UIApplicationSupportsIndirectInputEvents[sdk=iphonesimulator*]" = YES;
				"INFOPLIST_KEY_UILaunchScreen_Generation[sdk=iphoneos*]" = YES;
				"INFOPLIST_KEY_UILaunchScreen_Generation[sdk=iphonesimulator*]" = YES;
				"INFOPLIST_KEY_UIStatusBarStyle[sdk=iphoneos*]" = UIStatusBarStyleDefault;
				"INFOPLIST_KEY_UIStatusBarStyle[sdk=iphonesimulator*]" = UIStatusBarStyleDefault;
				INFOPLIST_KEY_UISupportedInterfaceOrientations = UIInterfaceOrientationPortrait;
				INFOPLIST_KEY_UISupportedInterfaceOrientations_iPad = "UIInterfaceOrientationLandscapeLeft UIInterfaceOrientationLandscapeRight UIInterfaceOrientationPortrait UIInterfaceOrientationPortraitUpsideDown";
				IPHONEOS_DEPLOYMENT_TARGET = 26.0;
				LD_RUNPATH_SEARCH_PATHS = "@executable_path/Frameworks";
				"LD_RUNPATH_SEARCH_PATHS[sdk=macosx*]" = "@executable_path/../Frameworks";
				MACOSX_DEPLOYMENT_TARGET = 26.0;
				MARKETING_VERSION = 1.0;
				PRODUCT_BUNDLE_IDENTIFIER = "com.rudrankriyam.foundationlab${SAMPLE_CODE_DISAMBIGUATOR}";
				"PRODUCT_BUNDLE_IDENTIFIER[sdk=iphoneos*]" = com.xattacker.rudrankriyam.foundationlab;
				"PRODUCT_BUNDLE_IDENTIFIER[sdk=macosx*]" = com.xattacker.rudrankriyam.foundationlab;
				"PRODUCT_BUNDLE_IDENTIFIER[sdk=xros*]" = com.xattacker.rudrankriyam.foundationlab;
				PRODUCT_NAME = "$(TARGET_NAME)";
				PROVISIONING_PROFILE_SPECIFIER = "";
				REGISTER_APP_GROUPS = YES;
				RUNTIME_EXCEPTION_ALLOW_DYLD_ENVIRONMENT_VARIABLES = NO;
				RUNTIME_EXCEPTION_ALLOW_JIT = NO;
				RUNTIME_EXCEPTION_ALLOW_UNSIGNED_EXECUTABLE_MEMORY = NO;
				RUNTIME_EXCEPTION_DEBUGGING_TOOL = NO;
				RUNTIME_EXCEPTION_DISABLE_EXECUTABLE_PAGE_PROTECTION = NO;
				RUNTIME_EXCEPTION_DISABLE_LIBRARY_VALIDATION = NO;
				SDKROOT = auto;
				STRING_CATALOG_GENERATE_SYMBOLS = YES;
				SUPPORTED_PLATFORMS = "iphoneos iphonesimulator macosx xros xrsimulator";
				SUPPORTS_MACCATALYST = NO;
				SWIFT_DEFAULT_ACTOR_ISOLATION = nonisolated;
				SWIFT_EMIT_LOC_STRINGS = YES;
				SWIFT_STRICT_CONCURRENCY = minimal;
				SWIFT_UPCOMING_FEATURE_MEMBER_IMPORT_VISIBILITY = YES;
				SWIFT_VERSION = 5.0;
				TARGETED_DEVICE_FAMILY = "1,2,7";
				XROS_DEPLOYMENT_TARGET = 26.0;
			};
			name = Debug;
		};
		0AAE500C2DF76E6800838F13 /* Release */ = {
			isa = XCBuildConfiguration;
			buildSettings = {
				ASSETCATALOG_COMPILER_APPICON_NAME = "Foundation Lab";
				ASSETCATALOG_COMPILER_GLOBAL_ACCENT_COLOR_NAME = AccentColor;
				ASSETCATALOG_COMPILER_INCLUDE_ALL_APPICON_ASSETS = NO;
				AUTOMATION_APPLE_EVENTS = NO;
				CODE_SIGN_ENTITLEMENTS = "Foundation Lab/FoundationLab.entitlements";
				CODE_SIGN_STYLE = Automatic;
				CURRENT_PROJECT_VERSION = 1;
				DEAD_CODE_STRIPPING = YES;
				DEVELOPMENT_TEAM = YQZQG7N4WG;
				ENABLE_APP_SANDBOX = YES;
				ENABLE_HARDENED_RUNTIME = NO;
				ENABLE_INCOMING_NETWORK_CONNECTIONS = YES;
				ENABLE_OUTGOING_NETWORK_CONNECTIONS = YES;
				ENABLE_PREVIEWS = YES;
				ENABLE_RESOURCE_ACCESS_APPLE_MUSIC = YES;
				ENABLE_RESOURCE_ACCESS_AUDIO_INPUT = YES;
				ENABLE_RESOURCE_ACCESS_BLUETOOTH = NO;
				ENABLE_RESOURCE_ACCESS_CALENDARS = YES;
				ENABLE_RESOURCE_ACCESS_CAMERA = NO;
				ENABLE_RESOURCE_ACCESS_CONTACTS = YES;
				ENABLE_RESOURCE_ACCESS_LOCATION = YES;
				ENABLE_RESOURCE_ACCESS_PHOTO_LIBRARY = NO;
				ENABLE_RESOURCE_ACCESS_PRINTING = NO;
				ENABLE_RESOURCE_ACCESS_USB = NO;
				GENERATE_INFOPLIST_FILE = YES;
				INFOPLIST_KEY_CFBundleDisplayName = "Foundation Lab";
				INFOPLIST_KEY_ITSAppUsesNonExemptEncryption = NO;
				INFOPLIST_KEY_LSApplicationCategoryType = "public.app-category.developer-tools";
				INFOPLIST_KEY_NSAppleMusicUsageDescription = "This app needs access to Apple Music to search and play music from your library.";
				INFOPLIST_KEY_NSCalendarsUsageDescription = "This app needs access to your calendar to create and manage events.";
				INFOPLIST_KEY_NSContactsUsageDescription = "This app needs access to your contacts to search and display contact information.";
				INFOPLIST_KEY_NSHealthShareUsageDescription = "This app needs access to your health data to read steps, heart rate, workouts, and other health metrics.";
				INFOPLIST_KEY_NSHealthUpdateUsageDescription = "This app does not write health data.";
				INFOPLIST_KEY_NSLocationUsageDescription = "This app needs access to your location to provide weather information and location-based services.";
				INFOPLIST_KEY_NSLocationWhenInUseUsageDescription = "This app needs access to your location to provide weather information and location-based services.";
				INFOPLIST_KEY_NSMicrophoneUsageDescription = "Foundation Lab needs access to your microphone to listen to your voice commands for creating reminders.";
				INFOPLIST_KEY_NSRemindersFullAccessUsageDescription = "Foundation Lab needs full access to create and manage reminders from your voice commands.";
				INFOPLIST_KEY_NSRemindersUsageDescription = "This app needs access to your reminders to create and manage reminder tasks.";
				INFOPLIST_KEY_NSSpeechRecognitionUsageDescription = "Foundation Lab uses speech recognition to convert your voice into text for creating reminders.";
				"INFOPLIST_KEY_UIApplicationSceneManifest_Generation[sdk=iphoneos*]" = YES;
				"INFOPLIST_KEY_UIApplicationSceneManifest_Generation[sdk=iphonesimulator*]" = YES;
				"INFOPLIST_KEY_UIApplicationSupportsIndirectInputEvents[sdk=iphoneos*]" = YES;
				"INFOPLIST_KEY_UIApplicationSupportsIndirectInputEvents[sdk=iphonesimulator*]" = YES;
				"INFOPLIST_KEY_UILaunchScreen_Generation[sdk=iphoneos*]" = YES;
				"INFOPLIST_KEY_UILaunchScreen_Generation[sdk=iphonesimulator*]" = YES;
				"INFOPLIST_KEY_UIStatusBarStyle[sdk=iphoneos*]" = UIStatusBarStyleDefault;
				"INFOPLIST_KEY_UIStatusBarStyle[sdk=iphonesimulator*]" = UIStatusBarStyleDefault;
				INFOPLIST_KEY_UISupportedInterfaceOrientations = UIInterfaceOrientationPortrait;
				INFOPLIST_KEY_UISupportedInterfaceOrientations_iPad = "UIInterfaceOrientationLandscapeLeft UIInterfaceOrientationLandscapeRight UIInterfaceOrientationPortrait UIInterfaceOrientationPortraitUpsideDown";
				IPHONEOS_DEPLOYMENT_TARGET = 26.0;
				LD_RUNPATH_SEARCH_PATHS = "@executable_path/Frameworks";
				"LD_RUNPATH_SEARCH_PATHS[sdk=macosx*]" = "@executable_path/../Frameworks";
				MACOSX_DEPLOYMENT_TARGET = 26.0;
				MARKETING_VERSION = 1.0;
				PRODUCT_BUNDLE_IDENTIFIER = "com.rudrankriyam.foundationlab${SAMPLE_CODE_DISAMBIGUATOR}";
				PRODUCT_NAME = "$(TARGET_NAME)";
				PROVISIONING_PROFILE_SPECIFIER = "";
				REGISTER_APP_GROUPS = YES;
				RUNTIME_EXCEPTION_ALLOW_DYLD_ENVIRONMENT_VARIABLES = NO;
				RUNTIME_EXCEPTION_ALLOW_JIT = NO;
				RUNTIME_EXCEPTION_ALLOW_UNSIGNED_EXECUTABLE_MEMORY = NO;
				RUNTIME_EXCEPTION_DEBUGGING_TOOL = NO;
				RUNTIME_EXCEPTION_DISABLE_EXECUTABLE_PAGE_PROTECTION = NO;
				RUNTIME_EXCEPTION_DISABLE_LIBRARY_VALIDATION = NO;
				SDKROOT = auto;
				STRING_CATALOG_GENERATE_SYMBOLS = YES;
				SUPPORTED_PLATFORMS = "iphoneos iphonesimulator macosx xros xrsimulator";
				SUPPORTS_MACCATALYST = NO;
				SWIFT_DEFAULT_ACTOR_ISOLATION = nonisolated;
				SWIFT_EMIT_LOC_STRINGS = YES;
				SWIFT_STRICT_CONCURRENCY = minimal;
				SWIFT_UPCOMING_FEATURE_MEMBER_IMPORT_VISIBILITY = YES;
				SWIFT_VERSION = 5.0;
				TARGETED_DEVICE_FAMILY = "1,2,7";
				XROS_DEPLOYMENT_TARGET = 26.0;
			};
			name = Release;
		};
/* End XCBuildConfiguration section */

/* Begin XCConfigurationList section */
		0AAE4FFA2DF76E6600838F13 /* Build configuration list for PBXProject "FoundationLab" */ = {
			isa = XCConfigurationList;
			buildConfigurations = (
				0AAE50082DF76E6800838F13 /* Debug */,
				0AAE50092DF76E6800838F13 /* Release */,
			);
			defaultConfigurationIsVisible = 0;
			defaultConfigurationName = Release;
		};
		0AAE500A2DF76E6800838F13 /* Build configuration list for PBXNativeTarget "Foundation Lab" */ = {
			isa = XCConfigurationList;
			buildConfigurations = (
				0AAE500B2DF76E6800838F13 /* Debug */,
				0AAE500C2DF76E6800838F13 /* Release */,
			);
			defaultConfigurationIsVisible = 0;
			defaultConfigurationName = Release;
		};
/* End XCConfigurationList section */

/* Begin XCRemoteSwiftPackageReference section */
		0A21D7EF2E518858004E8806 /* XCRemoteSwiftPackageReference "LiquidGlasKit" */ = {
			isa = XCRemoteSwiftPackageReference;
			repositoryURL = "https://github.com/rryam/LiquidGlasKit.git";
			requirement = {
				branch = main;
				kind = branch;
			};
		};
		0A979E822E1E5921008CFA37 /* XCRemoteSwiftPackageReference "FoundationModelsTools" */ = {
			isa = XCRemoteSwiftPackageReference;
			repositoryURL = "https://github.com/rudrankriyam/FoundationModelsTools.git";
			requirement = {
				branch = main;
				kind = branch;
			};
		};
		0AC6037E2E1D5288002106F9 /* XCRemoteSwiftPackageReference "HighlightSwift" */ = {
			isa = XCRemoteSwiftPackageReference;
			repositoryURL = "https://github.com/appstefan/HighlightSwift.git";
			requirement = {
				kind = upToNextMajorVersion;
				minimumVersion = 1.0.9;
			};
		};
		FA43F93F2E13A16E00F24BCC /* XCRemoteSwiftPackageReference "HighlightSwift" */ = {
			isa = XCRemoteSwiftPackageReference;
			repositoryURL = "https://github.com/appstefan/HighlightSwift";
			requirement = {
				kind = upToNextMajorVersion;
				minimumVersion = 1.0.6;
			};
		};
/* End XCRemoteSwiftPackageReference section */

/* Begin XCSwiftPackageProductDependency section */
		0A21D7F02E518858004E8806 /* LiquidGlasKit */ = {
			isa = XCSwiftPackageProductDependency;
			package = 0A21D7EF2E518858004E8806 /* XCRemoteSwiftPackageReference "LiquidGlasKit" */;
			productName = LiquidGlasKit;
		};
		0A979E832E1E5921008CFA37 /* FoundationModelsTools */ = {
			isa = XCSwiftPackageProductDependency;
			package = 0A979E822E1E5921008CFA37 /* XCRemoteSwiftPackageReference "FoundationModelsTools" */;
			productName = FoundationModelsTools;
		};
		FA43F9402E13A16E00F24BCC /* HighlightSwift */ = {
			isa = XCSwiftPackageProductDependency;
			package = FA43F93F2E13A16E00F24BCC /* XCRemoteSwiftPackageReference "HighlightSwift" */;
			productName = HighlightSwift;
		};
/* End XCSwiftPackageProductDependency section */
	};
	rootObject = 0AAE4FF72DF76E6600838F13 /* Project object */;
}
